
Microsoft Visual Studio Solution File, Format Version 12.00
# Visual Studio Version 17
VisualStudioVersion = 17.11.35312.102
MinimumVisualStudioVersion = 10.0.40219.1
Project("{FAE04EC0-301F-11D3-BF4B-00C04F79EFBC}") = "Sessions-app", "Sessions-app.csproj", "{5F8DB85B-3789-4001-A7C0-3F7E6683B0CC}"
EndProject
Global
	GlobalSection(SolutionConfigurationPlatforms) = preSolution
		Debug|Any CPU = Debug|Any CPU
		Release|Any CPU = Release|Any CPU
	EndGlobalSection
	GlobalSection(ProjectConfigurationPlatforms) = postSolution
		{5F8DB85B-3789-4001-A7C0-3F7E6683B0CC}.Debug|Any CPU.ActiveCfg = Debug|Any CPU
		{5F8DB85B-3789-4001-A7C0-3F7E6683B0CC}.Debug|Any CPU.Build.0 = Debug|Any CPU
		{5F8DB85B-3789-4001-A7C0-3F7E6683B0CC}.Release|Any CPU.ActiveCfg = Release|Any CPU
		{5F8DB85B-3789-4001-A7C0-3F7E6683B0CC}.Release|Any CPU.Build.0 = Release|Any CPU
	EndGlobalSection
	GlobalSection(SolutionProperties) = preSolution
		HideSolutionNode = FALSE
	EndGlobalSection
	GlobalSection(ExtensibilityGlobals) = postSolution
		SolutionGuid = {0A180E96-C936-4319-A33B-063090847A9C}
	EndGlobalSection
EndGlobal
